
Microsoft Visual Studio Solution File, Format Version 12.00
# Visual Studio Version 17
VisualStudioVersion = 17.2.32414.248
MinimumVisualStudioVersion = 10.0.40219.1
Project("{FAE04EC0-301F-11D3-BF4B-00C04F79EFBC}") = "Export_HTML_File", "Export_HTML_File\Export_HTML_File.csproj", "{71BE1FD4-F4A2-4BC9-9FCF-6A7816A85781}"
EndProject
Global
	GlobalSection(SolutionConfigurationPlatforms) = preSolution
		Debug|Any CPU = Debug|Any CPU
		Release|Any CPU = Release|Any CPU
	EndGlobalSection
	GlobalSection(ProjectConfigurationPlatforms) = postSolution
		{71BE1FD4-F4A2-4BC9-9FCF-6A7816A85781}.Debug|Any CPU.ActiveCfg = Debug|Any CPU
		{71BE1FD4-F4A2-4BC9-9FCF-6A7816A85781}.Debug|Any CPU.Build.0 = Debug|Any CPU
		{71BE1FD4-F4A2-4BC9-9FCF-6A7816A85781}.Release|Any CPU.ActiveCfg = Release|Any CPU
		{71BE1FD4-F4A2-4BC9-9FCF-6A7816A85781}.Release|Any CPU.Build.0 = Release|Any CPU
	EndGlobalSection
	GlobalSection(SolutionProperties) = preSolution
		HideSolutionNode = FALSE
	EndGlobalSection
	GlobalSection(ExtensibilityGlobals) = postSolution
		SolutionGuid = {8731CEEA-CD23-453C-9D8F-8596DF87EB41}
	EndGlobalSection
EndGlobal
